
Microsoft Visual Studio Solution File, Format Version 12.00
# Visual Studio Version 16
VisualStudioVersion = 16.0.29709.97
MinimumVisualStudioVersion = 10.0.40219.1
Project("{FAE04EC0-301F-11D3-BF4B-00C04F79EFBC}") = "ISM6225_VS2019_CSharp_Git_Demo", "ISM6225_VS2019_CSharp_Git_Demo.csproj", "{EF8EB000-C316-4E69-B286-5D87FDCB5F12}"
EndProject
Global
	GlobalSection(SolutionConfigurationPlatforms) = preSolution
		Debug|Any CPU = Debug|Any CPU
		Release|Any CPU = Release|Any CPU
	EndGlobalSection
	GlobalSection(ProjectConfigurationPlatforms) = postSolution
		{EF8EB000-C316-4E69-B286-5D87FDCB5F12}.Debug|Any CPU.ActiveCfg = Debug|Any CPU
		{EF8EB000-C316-4E69-B286-5D87FDCB5F12}.Debug|Any CPU.Build.0 = Debug|Any CPU
		{EF8EB000-C316-4E69-B286-5D87FDCB5F12}.Release|Any CPU.ActiveCfg = Release|Any CPU
		{EF8EB000-C316-4E69-B286-5D87FDCB5F12}.Release|Any CPU.Build.0 = Release|Any CPU
	EndGlobalSection
	GlobalSection(SolutionProperties) = preSolution
		HideSolutionNode = FALSE
	EndGlobalSection
	GlobalSection(ExtensibilityGlobals) = postSolution
		SolutionGuid = {1127FA29-9A90-4847-9F47-4BFB95D1EEB3}
	EndGlobalSection
EndGlobal
